
Microsoft Visual Studio Solution File, Format Version 12.00
# Visual Studio 15
VisualStudioVersion = 15.0.27703.2000
MinimumVisualStudioVersion = 10.0.40219.1
Project("{FAE04EC0-301F-11D3-BF4B-00C04F79EFBC}") = "DesignPatternsApp", "DesignPatternsApp\DesignPatternsApp.csproj", "{C52D265C-8539-4D30-8811-1C38B88C950C}"
EndProject
Project("{FAE04EC0-301F-11D3-BF4B-00C04F79EFBC}") = "StrategyNull", "StrategyNull\StrategyNull.csproj", "{FFD82FFA-F628-404D-A4D6-AE159B1C864B}"
EndProject
Project("{FAE04EC0-301F-11D3-BF4B-00C04F79EFBC}") = "Singleton", "Singleton\Singleton.csproj", "{1DE73C12-32DF-44FC-88B6-C461C7A052E7}"
EndProject
Project("{FAE04EC0-301F-11D3-BF4B-00C04F79EFBC}") = "FactoryMethod", "FactoryMethod\FactoryMethod.csproj", "{A01076E2-0B6D-49B7-86CC-B762E62BAFF1}"
EndProject
Project("{FAE04EC0-301F-11D3-BF4B-00C04F79EFBC}") = "DecoratorPattern", "DecoratorPattern\DecoratorPattern.csproj", "{C292897D-FEA5-47D6-8EDF-BB9CB8D27601}"
EndProject
Project("{FAE04EC0-301F-11D3-BF4B-00C04F79EFBC}") = "Adapter", "Adapter\Adapter.csproj", "{16B0396C-BF99-4E76-B132-A88C36C52D68}"
EndProject
Global
	GlobalSection(SolutionConfigurationPlatforms) = preSolution
		Debug|Any CPU = Debug|Any CPU
		Release|Any CPU = Release|Any CPU
	EndGlobalSection
	GlobalSection(ProjectConfigurationPlatforms) = postSolution
		{C52D265C-8539-4D30-8811-1C38B88C950C}.Debug|Any CPU.ActiveCfg = Debug|Any CPU
		{C52D265C-8539-4D30-8811-1C38B88C950C}.Debug|Any CPU.Build.0 = Debug|Any CPU
		{C52D265C-8539-4D30-8811-1C38B88C950C}.Release|Any CPU.ActiveCfg = Release|Any CPU
		{C52D265C-8539-4D30-8811-1C38B88C950C}.Release|Any CPU.Build.0 = Release|Any CPU
		{FFD82FFA-F628-404D-A4D6-AE159B1C864B}.Debug|Any CPU.ActiveCfg = Debug|Any CPU
		{FFD82FFA-F628-404D-A4D6-AE159B1C864B}.Debug|Any CPU.Build.0 = Debug|Any CPU
		{FFD82FFA-F628-404D-A4D6-AE159B1C864B}.Release|Any CPU.ActiveCfg = Release|Any CPU
		{FFD82FFA-F628-404D-A4D6-AE159B1C864B}.Release|Any CPU.Build.0 = Release|Any CPU
		{1DE73C12-32DF-44FC-88B6-C461C7A052E7}.Debug|Any CPU.ActiveCfg = Debug|Any CPU
		{1DE73C12-32DF-44FC-88B6-C461C7A052E7}.Debug|Any CPU.Build.0 = Debug|Any CPU
		{1DE73C12-32DF-44FC-88B6-C461C7A052E7}.Release|Any CPU.ActiveCfg = Release|Any CPU
		{1DE73C12-32DF-44FC-88B6-C461C7A052E7}.Release|Any CPU.Build.0 = Release|Any CPU
		{A01076E2-0B6D-49B7-86CC-B762E62BAFF1}.Debug|Any CPU.ActiveCfg = Debug|Any CPU
		{A01076E2-0B6D-49B7-86CC-B762E62BAFF1}.Debug|Any CPU.Build.0 = Debug|Any CPU
		{A01076E2-0B6D-49B7-86CC-B762E62BAFF1}.Release|Any CPU.ActiveCfg = Release|Any CPU
		{A01076E2-0B6D-49B7-86CC-B762E62BAFF1}.Release|Any CPU.Build.0 = Release|Any CPU
		{C292897D-FEA5-47D6-8EDF-BB9CB8D27601}.Debug|Any CPU.ActiveCfg = Debug|Any CPU
		{C292897D-FEA5-47D6-8EDF-BB9CB8D27601}.Debug|Any CPU.Build.0 = Debug|Any CPU
		{C292897D-FEA5-47D6-8EDF-BB9CB8D27601}.Release|Any CPU.ActiveCfg = Release|Any CPU
		{C292897D-FEA5-47D6-8EDF-BB9CB8D27601}.Release|Any CPU.Build.0 = Release|Any CPU
		{16B0396C-BF99-4E76-B132-A88C36C52D68}.Debug|Any CPU.ActiveCfg = Debug|Any CPU
		{16B0396C-BF99-4E76-B132-A88C36C52D68}.Debug|Any CPU.Build.0 = Debug|Any CPU
		{16B0396C-BF99-4E76-B132-A88C36C52D68}.Release|Any CPU.ActiveCfg = Release|Any CPU
		{16B0396C-BF99-4E76-B132-A88C36C52D68}.Release|Any CPU.Build.0 = Release|Any CPU
	EndGlobalSection
	GlobalSection(SolutionProperties) = preSolution
		HideSolutionNode = FALSE
	EndGlobalSection
	GlobalSection(ExtensibilityGlobals) = postSolution
		SolutionGuid = {2708F40E-4404-4DE2-B905-A74AF72333C7}
	EndGlobalSection
EndGlobal
