
Microsoft Visual Studio Solution File, Format Version 12.00
# Visual Studio 15
VisualStudioVersion = 15.0.27703.2000
MinimumVisualStudioVersion = 10.0.40219.1
Project("{FAE04EC0-301F-11D3-BF4B-00C04F79EFBC}") = "DesignPatternsApp", "DesignPatternsApp\DesignPatternsApp.csproj", "{C52D265C-8539-4D30-8811-1C38B88C950C}"
EndProject
Project("{FAE04EC0-301F-11D3-BF4B-00C04F79EFBC}") = "StrategyNull", "StrategyNull\StrategyNull.csproj", "{FFD82FFA-F628-404D-A4D6-AE159B1C864B}"
EndProject
Project("{FAE04EC0-301F-11D3-BF4B-00C04F79EFBC}") = "Singleton", "Singleton\Singleton.csproj", "{1DE73C12-32DF-44FC-88B6-C461C7A052E7}"
EndProject
Project("{FAE04EC0-301F-11D3-BF4B-00C04F79EFBC}") = "FactoryMethod", "FactoryMethod\FactoryMethod.csproj", "{A01076E2-0B6D-49B7-86CC-B762E62BAFF1}"
EndProject
Project("{FAE04EC0-301F-11D3-BF4B-00C04F79EFBC}") = "DecoratorPattern", "DecoratorPattern\DecoratorPattern.csproj", "{C292897D-FEA5-47D6-8EDF-BB9CB8D27601}"
EndProject
Project("{FAE04EC0-301F-11D3-BF4B-00C04F79EFBC}") = "Adapter", "Adapter\Adapter.csproj", "{16B0396C-BF99-4E76-B132-A88C36C52D68}"
EndProject
Project("{FAE04EC0-301F-11D3-BF4B-00C04F79EFBC}") = "Builder", "Builder\Builder.csproj", "{A11CAD07-38D3-4B11-929D-4639FF162B4C}"
EndProject
Project("{FAE04EC0-301F-11D3-BF4B-00C04F79EFBC}") = "Prototype", "Prototype\Prototype.csproj", "{B0F6A8A2-94EC-400D-96AD-7A70F7924E7D}"
EndProject
Project("{FAE04EC0-301F-11D3-BF4B-00C04F79EFBC}") = "Bridge", "Bridge\Bridge.csproj", "{7448B994-0BDD-4C72-BAE2-D5265C3ED250}"
EndProject
Project("{FAE04EC0-301F-11D3-BF4B-00C04F79EFBC}") = "Composite", "Composite\Composite.csproj", "{B5A3B726-0EC8-4398-98E2-176C42E2DE48}"
EndProject
Project("{FAE04EC0-301F-11D3-BF4B-00C04F79EFBC}") = "Facade", "Facade\Facade.csproj", "{C7A485D8-528D-424A-A48B-9CBBD14B0E42}"
EndProject
Project("{FAE04EC0-301F-11D3-BF4B-00C04F79EFBC}") = "Flyweight", "Flyweight\Flyweight.csproj", "{7672CFF5-B45D-4E89-A142-80CEDFD6DB15}"
EndProject
Project("{FAE04EC0-301F-11D3-BF4B-00C04F79EFBC}") = "Proxy", "Proxy\Proxy.csproj", "{9C7D5842-4946-4AE5-B15A-89B598A39161}"
EndProject
Project("{FAE04EC0-301F-11D3-BF4B-00C04F79EFBC}") = "ChainOfResponsibility", "ChainOfResponsibility\ChainOfResponsibility.csproj", "{88E45DAF-BD32-4466-B7A0-B91561841F7D}"
EndProject
Project("{FAE04EC0-301F-11D3-BF4B-00C04F79EFBC}") = "Command", "Command\Command.csproj", "{9D4EF55C-6DE4-4902-8461-5C2560A1C813}"
EndProject
Project("{FAE04EC0-301F-11D3-BF4B-00C04F79EFBC}") = "Interpreter", "Interpreter\Interpreter.csproj", "{5B5C4FB6-7677-439E-B163-88F95698B7AC}"
EndProject
Project("{FAE04EC0-301F-11D3-BF4B-00C04F79EFBC}") = "Iterator", "Iterator\Iterator.csproj", "{C64A3FBF-1F9E-411F-B15F-B5593B541EB1}"
EndProject
Project("{FAE04EC0-301F-11D3-BF4B-00C04F79EFBC}") = "Mediator", "Mediator\Mediator.csproj", "{D53BD46F-DC6D-4D42-8A4A-B84A18850A0D}"
EndProject
Project("{FAE04EC0-301F-11D3-BF4B-00C04F79EFBC}") = "Memento", "Memento\Memento.csproj", "{A03BFBEE-8798-481D-A6B0-519F306E154B}"
EndProject
Project("{FAE04EC0-301F-11D3-BF4B-00C04F79EFBC}") = "Observer", "Observer\Observer.csproj", "{8BBBCF21-DDC6-4FC2-B51D-C8F3D142B0EB}"
EndProject
Project("{FAE04EC0-301F-11D3-BF4B-00C04F79EFBC}") = "State", "State\State.csproj", "{6D9CFA7E-FC09-4C74-96C9-40050107AADC}"
EndProject
Project("{FAE04EC0-301F-11D3-BF4B-00C04F79EFBC}") = "VisitorFailed", "Visitor\VisitorFailed.csproj", "{C984069F-D1E2-4F70-8575-D5A8B9DFF89E}"
EndProject
Project("{FAE04EC0-301F-11D3-BF4B-00C04F79EFBC}") = "Template", "Template\Template.csproj", "{6B6FDA42-0249-4EF3-974F-E11B7E633EE4}"
EndProject
Project("{FAE04EC0-301F-11D3-BF4B-00C04F79EFBC}") = "VisitorPassed", "VisitorPassed\VisitorPassed.csproj", "{98DAE184-6512-4BE8-BBE0-88333B6E3802}"
EndProject
Project("{FAE04EC0-301F-11D3-BF4B-00C04F79EFBC}") = "ObserverPassed", "ObserverPassed\ObserverPassed.csproj", "{F6E539E2-E414-40A7-88A5-E4271B87FF3B}"
EndProject
Project("{FAE04EC0-301F-11D3-BF4B-00C04F79EFBC}") = "ObserverPassedSecond", "ObserverPassedSecond\ObserverPassedSecond.csproj", "{35EBAE7D-B8E4-404F-A803-2236CACA9C3C}"
EndProject
Project("{FAE04EC0-301F-11D3-BF4B-00C04F79EFBC}") = "IteratorPassed", "IteratorPassed\IteratorPassed.csproj", "{3D3793B3-68F7-4A57-AE39-5DE536DCB14A}"
EndProject
Global
	GlobalSection(SolutionConfigurationPlatforms) = preSolution
		Debug|Any CPU = Debug|Any CPU
		Release|Any CPU = Release|Any CPU
	EndGlobalSection
	GlobalSection(ProjectConfigurationPlatforms) = postSolution
		{C52D265C-8539-4D30-8811-1C38B88C950C}.Debug|Any CPU.ActiveCfg = Debug|Any CPU
		{C52D265C-8539-4D30-8811-1C38B88C950C}.Debug|Any CPU.Build.0 = Debug|Any CPU
		{C52D265C-8539-4D30-8811-1C38B88C950C}.Release|Any CPU.ActiveCfg = Release|Any CPU
		{C52D265C-8539-4D30-8811-1C38B88C950C}.Release|Any CPU.Build.0 = Release|Any CPU
		{FFD82FFA-F628-404D-A4D6-AE159B1C864B}.Debug|Any CPU.ActiveCfg = Debug|Any CPU
		{FFD82FFA-F628-404D-A4D6-AE159B1C864B}.Debug|Any CPU.Build.0 = Debug|Any CPU
		{FFD82FFA-F628-404D-A4D6-AE159B1C864B}.Release|Any CPU.ActiveCfg = Release|Any CPU
		{FFD82FFA-F628-404D-A4D6-AE159B1C864B}.Release|Any CPU.Build.0 = Release|Any CPU
		{1DE73C12-32DF-44FC-88B6-C461C7A052E7}.Debug|Any CPU.ActiveCfg = Debug|Any CPU
		{1DE73C12-32DF-44FC-88B6-C461C7A052E7}.Debug|Any CPU.Build.0 = Debug|Any CPU
		{1DE73C12-32DF-44FC-88B6-C461C7A052E7}.Release|Any CPU.ActiveCfg = Release|Any CPU
		{1DE73C12-32DF-44FC-88B6-C461C7A052E7}.Release|Any CPU.Build.0 = Release|Any CPU
		{A01076E2-0B6D-49B7-86CC-B762E62BAFF1}.Debug|Any CPU.ActiveCfg = Debug|Any CPU
		{A01076E2-0B6D-49B7-86CC-B762E62BAFF1}.Debug|Any CPU.Build.0 = Debug|Any CPU
		{A01076E2-0B6D-49B7-86CC-B762E62BAFF1}.Release|Any CPU.ActiveCfg = Release|Any CPU
		{A01076E2-0B6D-49B7-86CC-B762E62BAFF1}.Release|Any CPU.Build.0 = Release|Any CPU
		{C292897D-FEA5-47D6-8EDF-BB9CB8D27601}.Debug|Any CPU.ActiveCfg = Debug|Any CPU
		{C292897D-FEA5-47D6-8EDF-BB9CB8D27601}.Debug|Any CPU.Build.0 = Debug|Any CPU
		{C292897D-FEA5-47D6-8EDF-BB9CB8D27601}.Release|Any CPU.ActiveCfg = Release|Any CPU
		{C292897D-FEA5-47D6-8EDF-BB9CB8D27601}.Release|Any CPU.Build.0 = Release|Any CPU
		{16B0396C-BF99-4E76-B132-A88C36C52D68}.Debug|Any CPU.ActiveCfg = Debug|Any CPU
		{16B0396C-BF99-4E76-B132-A88C36C52D68}.Debug|Any CPU.Build.0 = Debug|Any CPU
		{16B0396C-BF99-4E76-B132-A88C36C52D68}.Release|Any CPU.ActiveCfg = Release|Any CPU
		{16B0396C-BF99-4E76-B132-A88C36C52D68}.Release|Any CPU.Build.0 = Release|Any CPU
		{A11CAD07-38D3-4B11-929D-4639FF162B4C}.Debug|Any CPU.ActiveCfg = Debug|Any CPU
		{A11CAD07-38D3-4B11-929D-4639FF162B4C}.Debug|Any CPU.Build.0 = Debug|Any CPU
		{A11CAD07-38D3-4B11-929D-4639FF162B4C}.Release|Any CPU.ActiveCfg = Release|Any CPU
		{A11CAD07-38D3-4B11-929D-4639FF162B4C}.Release|Any CPU.Build.0 = Release|Any CPU
		{B0F6A8A2-94EC-400D-96AD-7A70F7924E7D}.Debug|Any CPU.ActiveCfg = Debug|Any CPU
		{B0F6A8A2-94EC-400D-96AD-7A70F7924E7D}.Debug|Any CPU.Build.0 = Debug|Any CPU
		{B0F6A8A2-94EC-400D-96AD-7A70F7924E7D}.Release|Any CPU.ActiveCfg = Release|Any CPU
		{B0F6A8A2-94EC-400D-96AD-7A70F7924E7D}.Release|Any CPU.Build.0 = Release|Any CPU
		{7448B994-0BDD-4C72-BAE2-D5265C3ED250}.Debug|Any CPU.ActiveCfg = Debug|Any CPU
		{7448B994-0BDD-4C72-BAE2-D5265C3ED250}.Debug|Any CPU.Build.0 = Debug|Any CPU
		{7448B994-0BDD-4C72-BAE2-D5265C3ED250}.Release|Any CPU.ActiveCfg = Release|Any CPU
		{7448B994-0BDD-4C72-BAE2-D5265C3ED250}.Release|Any CPU.Build.0 = Release|Any CPU
		{B5A3B726-0EC8-4398-98E2-176C42E2DE48}.Debug|Any CPU.ActiveCfg = Debug|Any CPU
		{B5A3B726-0EC8-4398-98E2-176C42E2DE48}.Debug|Any CPU.Build.0 = Debug|Any CPU
		{B5A3B726-0EC8-4398-98E2-176C42E2DE48}.Release|Any CPU.ActiveCfg = Release|Any CPU
		{B5A3B726-0EC8-4398-98E2-176C42E2DE48}.Release|Any CPU.Build.0 = Release|Any CPU
		{C7A485D8-528D-424A-A48B-9CBBD14B0E42}.Debug|Any CPU.ActiveCfg = Debug|Any CPU
		{C7A485D8-528D-424A-A48B-9CBBD14B0E42}.Debug|Any CPU.Build.0 = Debug|Any CPU
		{C7A485D8-528D-424A-A48B-9CBBD14B0E42}.Release|Any CPU.ActiveCfg = Release|Any CPU
		{C7A485D8-528D-424A-A48B-9CBBD14B0E42}.Release|Any CPU.Build.0 = Release|Any CPU
		{7672CFF5-B45D-4E89-A142-80CEDFD6DB15}.Debug|Any CPU.ActiveCfg = Debug|Any CPU
		{7672CFF5-B45D-4E89-A142-80CEDFD6DB15}.Debug|Any CPU.Build.0 = Debug|Any CPU
		{7672CFF5-B45D-4E89-A142-80CEDFD6DB15}.Release|Any CPU.ActiveCfg = Release|Any CPU
		{7672CFF5-B45D-4E89-A142-80CEDFD6DB15}.Release|Any CPU.Build.0 = Release|Any CPU
		{9C7D5842-4946-4AE5-B15A-89B598A39161}.Debug|Any CPU.ActiveCfg = Debug|Any CPU
		{9C7D5842-4946-4AE5-B15A-89B598A39161}.Debug|Any CPU.Build.0 = Debug|Any CPU
		{9C7D5842-4946-4AE5-B15A-89B598A39161}.Release|Any CPU.ActiveCfg = Release|Any CPU
		{9C7D5842-4946-4AE5-B15A-89B598A39161}.Release|Any CPU.Build.0 = Release|Any CPU
		{88E45DAF-BD32-4466-B7A0-B91561841F7D}.Debug|Any CPU.ActiveCfg = Debug|Any CPU
		{88E45DAF-BD32-4466-B7A0-B91561841F7D}.Debug|Any CPU.Build.0 = Debug|Any CPU
		{88E45DAF-BD32-4466-B7A0-B91561841F7D}.Release|Any CPU.ActiveCfg = Release|Any CPU
		{88E45DAF-BD32-4466-B7A0-B91561841F7D}.Release|Any CPU.Build.0 = Release|Any CPU
		{9D4EF55C-6DE4-4902-8461-5C2560A1C813}.Debug|Any CPU.ActiveCfg = Debug|Any CPU
		{9D4EF55C-6DE4-4902-8461-5C2560A1C813}.Debug|Any CPU.Build.0 = Debug|Any CPU
		{9D4EF55C-6DE4-4902-8461-5C2560A1C813}.Release|Any CPU.ActiveCfg = Release|Any CPU
		{9D4EF55C-6DE4-4902-8461-5C2560A1C813}.Release|Any CPU.Build.0 = Release|Any CPU
		{5B5C4FB6-7677-439E-B163-88F95698B7AC}.Debug|Any CPU.ActiveCfg = Debug|Any CPU
		{5B5C4FB6-7677-439E-B163-88F95698B7AC}.Debug|Any CPU.Build.0 = Debug|Any CPU
		{5B5C4FB6-7677-439E-B163-88F95698B7AC}.Release|Any CPU.ActiveCfg = Release|Any CPU
		{5B5C4FB6-7677-439E-B163-88F95698B7AC}.Release|Any CPU.Build.0 = Release|Any CPU
		{C64A3FBF-1F9E-411F-B15F-B5593B541EB1}.Debug|Any CPU.ActiveCfg = Debug|Any CPU
		{C64A3FBF-1F9E-411F-B15F-B5593B541EB1}.Debug|Any CPU.Build.0 = Debug|Any CPU
		{C64A3FBF-1F9E-411F-B15F-B5593B541EB1}.Release|Any CPU.ActiveCfg = Release|Any CPU
		{C64A3FBF-1F9E-411F-B15F-B5593B541EB1}.Release|Any CPU.Build.0 = Release|Any CPU
		{D53BD46F-DC6D-4D42-8A4A-B84A18850A0D}.Debug|Any CPU.ActiveCfg = Debug|Any CPU
		{D53BD46F-DC6D-4D42-8A4A-B84A18850A0D}.Debug|Any CPU.Build.0 = Debug|Any CPU
		{D53BD46F-DC6D-4D42-8A4A-B84A18850A0D}.Release|Any CPU.ActiveCfg = Release|Any CPU
		{D53BD46F-DC6D-4D42-8A4A-B84A18850A0D}.Release|Any CPU.Build.0 = Release|Any CPU
		{A03BFBEE-8798-481D-A6B0-519F306E154B}.Debug|Any CPU.ActiveCfg = Debug|Any CPU
		{A03BFBEE-8798-481D-A6B0-519F306E154B}.Debug|Any CPU.Build.0 = Debug|Any CPU
		{A03BFBEE-8798-481D-A6B0-519F306E154B}.Release|Any CPU.ActiveCfg = Release|Any CPU
		{A03BFBEE-8798-481D-A6B0-519F306E154B}.Release|Any CPU.Build.0 = Release|Any CPU
		{8BBBCF21-DDC6-4FC2-B51D-C8F3D142B0EB}.Debug|Any CPU.ActiveCfg = Debug|Any CPU
		{8BBBCF21-DDC6-4FC2-B51D-C8F3D142B0EB}.Debug|Any CPU.Build.0 = Debug|Any CPU
		{8BBBCF21-DDC6-4FC2-B51D-C8F3D142B0EB}.Release|Any CPU.ActiveCfg = Release|Any CPU
		{8BBBCF21-DDC6-4FC2-B51D-C8F3D142B0EB}.Release|Any CPU.Build.0 = Release|Any CPU
		{6D9CFA7E-FC09-4C74-96C9-40050107AADC}.Debug|Any CPU.ActiveCfg = Debug|Any CPU
		{6D9CFA7E-FC09-4C74-96C9-40050107AADC}.Debug|Any CPU.Build.0 = Debug|Any CPU
		{6D9CFA7E-FC09-4C74-96C9-40050107AADC}.Release|Any CPU.ActiveCfg = Release|Any CPU
		{6D9CFA7E-FC09-4C74-96C9-40050107AADC}.Release|Any CPU.Build.0 = Release|Any CPU
		{C984069F-D1E2-4F70-8575-D5A8B9DFF89E}.Debug|Any CPU.ActiveCfg = Debug|Any CPU
		{C984069F-D1E2-4F70-8575-D5A8B9DFF89E}.Debug|Any CPU.Build.0 = Debug|Any CPU
		{C984069F-D1E2-4F70-8575-D5A8B9DFF89E}.Release|Any CPU.ActiveCfg = Release|Any CPU
		{C984069F-D1E2-4F70-8575-D5A8B9DFF89E}.Release|Any CPU.Build.0 = Release|Any CPU
		{6B6FDA42-0249-4EF3-974F-E11B7E633EE4}.Debug|Any CPU.ActiveCfg = Debug|Any CPU
		{6B6FDA42-0249-4EF3-974F-E11B7E633EE4}.Debug|Any CPU.Build.0 = Debug|Any CPU
		{6B6FDA42-0249-4EF3-974F-E11B7E633EE4}.Release|Any CPU.ActiveCfg = Release|Any CPU
		{6B6FDA42-0249-4EF3-974F-E11B7E633EE4}.Release|Any CPU.Build.0 = Release|Any CPU
		{98DAE184-6512-4BE8-BBE0-88333B6E3802}.Debug|Any CPU.ActiveCfg = Debug|Any CPU
		{98DAE184-6512-4BE8-BBE0-88333B6E3802}.Debug|Any CPU.Build.0 = Debug|Any CPU
		{98DAE184-6512-4BE8-BBE0-88333B6E3802}.Release|Any CPU.ActiveCfg = Release|Any CPU
		{98DAE184-6512-4BE8-BBE0-88333B6E3802}.Release|Any CPU.Build.0 = Release|Any CPU
		{F6E539E2-E414-40A7-88A5-E4271B87FF3B}.Debug|Any CPU.ActiveCfg = Debug|Any CPU
		{F6E539E2-E414-40A7-88A5-E4271B87FF3B}.Debug|Any CPU.Build.0 = Debug|Any CPU
		{F6E539E2-E414-40A7-88A5-E4271B87FF3B}.Release|Any CPU.ActiveCfg = Release|Any CPU
		{F6E539E2-E414-40A7-88A5-E4271B87FF3B}.Release|Any CPU.Build.0 = Release|Any CPU
		{35EBAE7D-B8E4-404F-A803-2236CACA9C3C}.Debug|Any CPU.ActiveCfg = Debug|Any CPU
		{35EBAE7D-B8E4-404F-A803-2236CACA9C3C}.Debug|Any CPU.Build.0 = Debug|Any CPU
		{35EBAE7D-B8E4-404F-A803-2236CACA9C3C}.Release|Any CPU.ActiveCfg = Release|Any CPU
		{35EBAE7D-B8E4-404F-A803-2236CACA9C3C}.Release|Any CPU.Build.0 = Release|Any CPU
		{3D3793B3-68F7-4A57-AE39-5DE536DCB14A}.Debug|Any CPU.ActiveCfg = Debug|Any CPU
		{3D3793B3-68F7-4A57-AE39-5DE536DCB14A}.Debug|Any CPU.Build.0 = Debug|Any CPU
		{3D3793B3-68F7-4A57-AE39-5DE536DCB14A}.Release|Any CPU.ActiveCfg = Release|Any CPU
		{3D3793B3-68F7-4A57-AE39-5DE536DCB14A}.Release|Any CPU.Build.0 = Release|Any CPU
	EndGlobalSection
	GlobalSection(SolutionProperties) = preSolution
		HideSolutionNode = FALSE
	EndGlobalSection
	GlobalSection(ExtensibilityGlobals) = postSolution
		SolutionGuid = {2708F40E-4404-4DE2-B905-A74AF72333C7}
	EndGlobalSection
EndGlobal
